lockfileVersion: 5.3

specifiers:
  '@iconify/icons-logos': 1.1.10
  '@material/button': 13.0.0
  '@material/card': 13.0.0
  '@material/ripple': 13.0.0
  '@material/textfield': 13.0.0
  '@material/top-app-bar': 13.0.0
  '@material/typography': 13.0.0
  ress: 4.0.0
  sass: 1.42.1
  vite: 2.6.5

dependencies:
  '@iconify/icons-logos': 1.1.10
  '@material/button': 13.0.0
  '@material/card': 13.0.0
  '@material/ripple': 13.0.0
  '@material/textfield': 13.0.0
  '@material/top-app-bar': 13.0.0
  '@material/typography': 13.0.0
  ress: 4.0.0

devDependencies:
  sass: 1.42.1
  vite: 2.6.5_sass@1.42.1

packages:

  /@iconify/icons-logos/1.1.10:
    resolution: {integrity: sha512-bGs/c0kGUCWr29wuppFYSaHqDH3o6qV85/h5jJhmenDPgVF8xWkFbXcFW7lAa+nJy1rMk4K7kFeXDOdMG1b5Rw==}
    dev: false

  /@material/animation/13.0.0:
    resolution: {integrity: sha512-YR0/u4u56qXDjKYolQ7F+IvlPkaSBhMl/dZv8DK0FbD6PH4ckOPd3bEXNRndXtprsxwknQQP2pttjPImylkl0g==}
    dependencies:
      tslib: 2.3.1
    dev: false

  /@material/base/13.0.0:
    resolution: {integrity: sha512-vFx0JryRfcvUNX3cZ2u32wUMvxzd+c/YW0LFOXNgqCDWlubHcMm0Y6Wz371LhfQo80/NE69u+/4Joo99yKnVeg==}
    dependencies:
      tslib: 2.3.1
    dev: false

  /@material/button/13.0.0:
    resolution: {integrity: sha512-lYorht6fcEd4P+dsLVp2BGtaY5cGYNp71LMajuDe71GZX3dZPoKeVvb+Ie1S7vcB+o+WLTeaisMk9/vA4gfi8A==}
    dependencies:
      '@material/density': 13.0.0
      '@material/dom': 13.0.0
      '@material/elevation': 13.0.0
      '@material/feature-targeting': 13.0.0
      '@material/ripple': 13.0.0
      '@material/rtl': 13.0.0
      '@material/shape': 13.0.0
      '@material/theme': 13.0.0
      '@material/tokens': 13.0.0
      '@material/touch-target': 13.0.0
      '@material/typography': 13.0.0
      tslib: 2.3.1
    dev: false

  /@material/card/13.0.0:
    resolution: {integrity: sha512-ooJUOt1Viv99Dyz4rhz9ZZbfa996eHh3RUuXkPRkT66Btd5TzpdqsQWKwOVc5bgbgWqzhDWQ6A/aQdYqH97ccg==}
    dependencies:
      '@material/dom': 13.0.0
      '@material/elevation': 13.0.0
      '@material/feature-targeting': 13.0.0
      '@material/ripple': 13.0.0
      '@material/rtl': 13.0.0
      '@material/shape': 13.0.0
      '@material/theme': 13.0.0
      tslib: 2.3.1
    dev: false

  /@material/density/13.0.0:
    resolution: {integrity: sha512-ppJTzOsuhjQam5GvHaq/XZocZNUr+41XQ2sd5nONAmQ0wwzXgqG0FaxtF1EXqK3uZFadz+vAu6enagre9DXhTA==}
    dependencies:
      tslib: 2.3.1
    dev: false

  /@material/dom/13.0.0:
    resolution: {integrity: sha512-M9HLAYBZtkTUvf66FL+jAEvUOdhji1HkGA1mV6oyE+HY9gkCkmso+mngvzlLd5+uaAVE9I3WQFhSb9gp0cpXnw==}
    dependencies:
      '@material/feature-targeting': 13.0.0
      tslib: 2.3.1
    dev: false

  /@material/elevation/13.0.0:
    resolution: {integrity: sha512-hzdblgamVRbC0UwKafcvUVDvKzMiOSveDiwGgFk+EAg/tZRdwMlQPyf/9I6Lr8Cw/pNGnEOPhmCDOYPOHimr0w==}
    dependencies:
      '@material/animation': 13.0.0
      '@material/base': 13.0.0
      '@material/feature-targeting': 13.0.0
      '@material/rtl': 13.0.0
      '@material/theme': 13.0.0
      tslib: 2.3.1
    dev: false

  /@material/feature-targeting/13.0.0:
    resolution: {integrity: sha512-QJClfeaA4EMyAxKJy9WR0Nx+/VwSZCkhGLUVBG9NhxqYGfl/LtaeaidrNm32vYEoNZAofN92VD2RwQTRwp/dMQ==}
    dependencies:
      tslib: 2.3.1
    dev: false

  /@material/floating-label/13.0.0:
    resolution: {integrity: sha512-imAPamD97QrizVCOpxjr3UfQJyDBpEEhDBSbEbKLrCpqG3jQx4/My5rNKKVGWjxUiBYgBA1dhkn98RRX5tGBtQ==}
    dependencies:
      '@material/animation': 13.0.0
      '@material/base': 13.0.0
      '@material/dom': 13.0.0
      '@material/feature-targeting': 13.0.0
      '@material/rtl': 13.0.0
      '@material/theme': 13.0.0
      '@material/typography': 13.0.0
      tslib: 2.3.1
    dev: false

  /@material/line-ripple/13.0.0:
    resolution: {integrity: sha512-5djBRXrd1+SiMVUTWr4rD6xv+/qTaGGmgUS5GytBE5mczvnEwcPmM4PzF+HNj2TS+wvNvIfRjRmUzWO2Z6w2lA==}
    dependencies:
      '@material/animation': 13.0.0
      '@material/base': 13.0.0
      '@material/feature-targeting': 13.0.0
      '@material/theme': 13.0.0
      tslib: 2.3.1
    dev: false

  /@material/notched-outline/13.0.0:
    resolution: {integrity: sha512-BHdxr1x2AN4oqycTNg0FGisG3rMHf50z3MuyUoQsJJ3WGjxBMWKd0yK/xl4m38nFKPg1vQnzyHIYTJdRpCaE7A==}
    dependencies:
      '@material/base': 13.0.0
      '@material/feature-targeting': 13.0.0
      '@material/floating-label': 13.0.0
      '@material/rtl': 13.0.0
      '@material/shape': 13.0.0
      '@material/theme': 13.0.0
      tslib: 2.3.1
    dev: false

  /@material/ripple/13.0.0:
    resolution: {integrity: sha512-hx4B40hB2rRfsGwf1jwo2GGlYDq0yUQjcMcMmXfQipPJNpQhy8ylmXKc1DBjmWf7EQ/MgbfCSYwPrYXrbGP31w==}
    dependencies:
      '@material/animation': 13.0.0
      '@material/base': 13.0.0
      '@material/dom': 13.0.0
      '@material/feature-targeting': 13.0.0
      '@material/rtl': 13.0.0
      '@material/theme': 13.0.0
      tslib: 2.3.1
    dev: false

  /@material/rtl/13.0.0:
    resolution: {integrity: sha512-nFGy3iQg7k+xLs67eb86mRFVLwa0yi7MusqRK4OM8DXcLO5yoVfUTPKpdSykcbRryp9imVHsxutox2tZawR4og==}
    dependencies:
      '@material/theme': 13.0.0
      tslib: 2.3.1
    dev: false

  /@material/shape/13.0.0:
    resolution: {integrity: sha512-exk96+iCjzCujk3aSrvIMhmW773s1Tc0h+MbQKbt6Iv3nHJCyLSiRbxclCHXWHrVwG/9KZRkrt/g2qk7P3VRBg==}
    dependencies:
      '@material/feature-targeting': 13.0.0
      '@material/rtl': 13.0.0
      '@material/theme': 13.0.0
      tslib: 2.3.1
    dev: false

  /@material/textfield/13.0.0:
    resolution: {integrity: sha512-CzodrOqx8wzj2AQngMpISURJID4jVOHf4CtiPoj32LG8bWLn5ZfAAX2aA2rO6NPyDYsFm0aEnlfMhnDwQyPoYw==}
    dependencies:
      '@material/animation': 13.0.0
      '@material/base': 13.0.0
      '@material/density': 13.0.0
      '@material/dom': 13.0.0
      '@material/feature-targeting': 13.0.0
      '@material/floating-label': 13.0.0
      '@material/line-ripple': 13.0.0
      '@material/notched-outline': 13.0.0
      '@material/ripple': 13.0.0
      '@material/rtl': 13.0.0
      '@material/shape': 13.0.0
      '@material/theme': 13.0.0
      '@material/typography': 13.0.0
      tslib: 2.3.1
    dev: false

  /@material/theme/13.0.0:
    resolution: {integrity: sha512-KAe1s0MvvfCGAwJliDVTvgAKuD3ESwhl7F7br4Iam4IPdqME2rWl8NPhKHFfaWqTG7PyCgMMngYEYuA8cLNTsA==}
    dependencies:
      '@material/feature-targeting': 13.0.0
      tslib: 2.3.1
    dev: false

  /@material/tokens/13.0.0:
    resolution: {integrity: sha512-t55CKVeAjABdSQCKjsvYvqrA6Z4f5varLpLloai8ZQU0giSl7qbUczV1i8y2pSOzpRTswD5JKM7a19qfsl/TCA==}
    dependencies:
      '@material/elevation': 13.0.0
    dev: false

  /@material/top-app-bar/13.0.0:
    resolution: {integrity: sha512-NTbIbBmoo4wfbBwW+9XMmjYQJ3e7NJ9P/ahTszYuzYDyWNcc3m8G/A0zM+1LBmoze3rP/QTxcaJUH/A5/3ufXA==}
    dependencies:
      '@material/animation': 13.0.0
      '@material/base': 13.0.0
      '@material/elevation': 13.0.0
      '@material/ripple': 13.0.0
      '@material/rtl': 13.0.0
      '@material/shape': 13.0.0
      '@material/theme': 13.0.0
      '@material/typography': 13.0.0
      tslib: 2.3.1
    dev: false

  /@material/touch-target/13.0.0:
    resolution: {integrity: sha512-2BMjj+nwKIYG7cZZGcNuRSKo53knqDu9ksv9wLidxjLgzqXBd1v9gdXsqMRQXepoOqftWGmYMaRYI0xMnxt6lA==}
    dependencies:
      '@material/base': 13.0.0
      '@material/feature-targeting': 13.0.0
      '@material/rtl': 13.0.0
      tslib: 2.3.1
    dev: false

  /@material/typography/13.0.0:
    resolution: {integrity: sha512-UfaK4vT3LmGiiySf2RVIrf7fJZa6EJadFwo4YUMJx9bvUMRlBm1oI8Vo9fYpKdLfuSTeA+2BlgbwYVObj3laFw==}
    dependencies:
      '@material/feature-targeting': 13.0.0
      '@material/theme': 13.0.0
      tslib: 2.3.1
    dev: false

  /anymatch/3.1.2:
    resolution: {integrity: sha512-P43ePfOAIupkguHUycrc4qJ9kz8ZiuOUijaETwX7THt0Y/GNK7v0aa8rY816xWjZ7rJdA5XdMcpVFTKMq+RvWg==}
    engines: {node: '>= 8'}
    dependencies:
      normalize-path: 3.0.0
      picomatch: 2.3.0
    dev: true

  /binary-extensions/2.2.0:
    resolution: {integrity: sha512-jDctJ/IVQbZoJykoeHbhXpOlNBqGNcwXJKJog42E5HDPUwQTSdjCHdihjj0DlnheQ7blbT6dHOafNAiS8ooQKA==}
    engines: {node: '>=8'}
    dev: true

  /braces/3.0.2:
    resolution: {integrity: sha512-b8um+L1RzM3WDSzvhm6gIz1yfTbBt6YTlcEKAvsmqCZZFw46z626lVj9j1yEPW33H5H+lBQpZMP1k8l+78Ha0A==}
    engines: {node: '>=8'}
    dependencies:
      fill-range: 7.0.1
    dev: true

  /chokidar/3.5.2:
    resolution: {integrity: sha512-ekGhOnNVPgT77r4K/U3GDhu+FQ2S8TnK/s2KbIGXi0SZWuwkZ2QNyfWdZW+TVfn84DpEP7rLeCt2UI6bJ8GwbQ==}
    engines: {node: '>= 8.10.0'}
    dependencies:
      anymatch: 3.1.2
      braces: 3.0.2
      glob-parent: 5.1.2
      is-binary-path: 2.1.0
      is-glob: 4.0.2
      normalize-path: 3.0.0
      readdirp: 3.6.0
    optionalDependencies:
      fsevents: 2.3.2
    dev: true

  /esbuild-android-arm64/0.13.3:
    resolution: {integrity: sha512-jc9E8vGTHkzb0Vwl74H8liANV9BWsqtzLHaKvcsRgf1M+aVCBSF0gUheduAKfDsbDMT0judeMLhwBP34EUesTA==}
    cpu: [arm64]
    os: [android]
    requiresBuild: true
    dev: true
    optional: true

  /esbuild-darwin-64/0.13.3:
    resolution: {integrity: sha512-8bG3Zq+ZNuLlIJebOO2+weI7P2LVf33sOzaUfHj8MuJ+1Ixe4KtQxfYp7qhFnP6xP2ToJaYHxGUfLeiUCEz9hw==}
    cpu: [x64]
    os: [darwin]
    requiresBuild: true
    dev: true
    optional: true

  /esbuild-darwin-arm64/0.13.3:
    resolution: {integrity: sha512-5E81eImYtTgh8pY7Gq4WQHhWkR/LvYadUXmuYeZBiP+3ADZJZcG60UFceZrjqNPaFOWKr/xmh4aNocwagEubcA==}
    cpu: [arm64]
    os: [darwin]
    requiresBuild: true
    dev: true
    optional: true

  /esbuild-freebsd-64/0.13.3:
    resolution: {integrity: sha512-ou+f91KkTGexi8HvF/BdtsITL6plbciQfZGys7QX6/QEwyE96PmL5KnU6ZQwoU7E99Ts6Sc9bUDq8HXJubKtBA==}
    cpu: [x64]
    os: [freebsd]
    requiresBuild: true
    dev: true
    optional: true

  /esbuild-freebsd-arm64/0.13.3:
    resolution: {integrity: sha512-F1zV7nySjHswJuvIgjkiG5liZ63MeazDGXGKViTCeegjZ71sAhOChcaGhKcu6vq9+vqZxlfEi1fmXlx6Pc3coQ==}
    cpu: [arm64]
    os: [freebsd]
    requiresBuild: true
    dev: true
    optional: true

  /esbuild-linux-32/0.13.3:
    resolution: {integrity: sha512-mHHc2v6uLrHH4zaaq5RB/5IWzgimEJ1HGldzf1qtGI513KZWfH0HRRQ8p1di4notJgBn7tDzWQ1f34ZHy69viQ==}
    cpu: [ia32]
    os: [linux]
    requiresBuild: true
    dev: true
    optional: true

  /esbuild-linux-64/0.13.3:
    resolution: {integrity: sha512-FJ1De2O89mrOuqtaEXu41qIYJU6R41F+OA6vheNwcAQcX8fu0aiA13FJeLABq29BYJuTVgRj3cyC8q+tz19/dQ==}
    cpu: [x64]
    os: [linux]
    requiresBuild: true
    dev: true
    optional: true

  /esbuild-linux-arm/0.13.3:
    resolution: {integrity: sha512-9BJNRtLwBh3OP22cln9g3AJdbAQUcjRHqA4BScx9k4RZpGqPokFr548zpeplxWhcwrIjT8qPebwH9CrRVy8Bsw==}
    cpu: [arm]
    os: [linux]
    requiresBuild: true
    dev: true
    optional: true

  /esbuild-linux-arm64/0.13.3:
    resolution: {integrity: sha512-Cauhr45KSo+wRUojs+1qfycQqQCAXTOvsWvkZ6xmEMAXLAm+f8RQGDQeP8CAf8Yeelnegcn6UNdvzdzLHhWDFg==}
    cpu: [arm64]
    os: [linux]
    requiresBuild: true
    dev: true
    optional: true

  /esbuild-linux-mips64le/0.13.3:
    resolution: {integrity: sha512-YVzJUGCncuuLm2boYyVeuMFsak4ZAhdiBwi0xNDZCC8sy+tS6Boe2mzcrD2uubv5JKAUOrpN186S1DtU4WgBgw==}
    cpu: [mips64el]
    os: [linux]
    requiresBuild: true
    dev: true
    optional: true

  /esbuild-linux-ppc64le/0.13.3:
    resolution: {integrity: sha512-GU6CqqKtJEoyxC2QWHiJtmuOz9wc/jMv8ZloK2WwiGY5yMvAmM3PI103Dj7xcjebNTHBqITTUw/aigY1wx5A3w==}
    cpu: [ppc64]
    os: [linux]
    requiresBuild: true
    dev: true
    optional: true

  /esbuild-openbsd-64/0.13.3:
    resolution: {integrity: sha512-HVpkgpn4BQt4BPDAjTOpeMub6mzNWw6Y3gaLQJrpbO24pws6ZwYkY24OI3/Uo3LDCbH6856MM81JxECt92OWjA==}
    cpu: [x64]
    os: [openbsd]
    requiresBuild: true
    dev: true
    optional: true

  /esbuild-sunos-64/0.13.3:
    resolution: {integrity: sha512-XncBVOtnEfUbPV4CaiFBxh38ychnBfwCxuTm9iAqcHzIwkmeNRN5qMzDyfE1jyfJje+Bbt6AvIfz6SdYt8/UEQ==}
    cpu: [x64]
    os: [sunos]
    requiresBuild: true
    dev: true
    optional: true

  /esbuild-windows-32/0.13.3:
    resolution: {integrity: sha512-ZlgDz7d1nk8wQACi+z8IDzNZVUlN9iprAme+1YSTsfFDlkyI8jeaGWPk9EQFNY7rJzsLVYm6eZ2mhPioc7uT5A==}
    cpu: [ia32]
    os: [win32]
    requiresBuild: true
    dev: true
    optional: true

  /esbuild-windows-64/0.13.3:
    resolution: {integrity: sha512-YX7KvRez3TR+GudlQm9tND/ssj2FsF9vb8ZWzAoZOLxpPzE3y+3SFJNrfDzzQKPzJ0Pnh9KBP4gsaMwJjKHDhw==}
    cpu: [x64]
    os: [win32]
    requiresBuild: true
    dev: true
    optional: true

  /esbuild-windows-arm64/0.13.3:
    resolution: {integrity: sha512-nP7H0Y2a6OJd3Qi1Q8sehhyP4x4JoXK4S5y6FzH2vgaJgiyEurzFxjUufGdMaw+RxtxiwD/uRndUgwaZ2JD8lg==}
    cpu: [arm64]
    os: [win32]
    requiresBuild: true
    dev: true
    optional: true

  /esbuild/0.13.3:
    resolution: {integrity: sha512-98xovMLKnyhv3gcReUuAEi5Ig1rK6SIgvsJuBIcfwzqGSEHsV8UJjMlmkhHoHMf9XZybMpE9Zax8AA8f7i2hlQ==}
    hasBin: true
    requiresBuild: true
    optionalDependencies:
      esbuild-android-arm64: 0.13.3
      esbuild-darwin-64: 0.13.3
      esbuild-darwin-arm64: 0.13.3
      esbuild-freebsd-64: 0.13.3
      esbuild-freebsd-arm64: 0.13.3
      esbuild-linux-32: 0.13.3
      esbuild-linux-64: 0.13.3
      esbuild-linux-arm: 0.13.3
      esbuild-linux-arm64: 0.13.3
      esbuild-linux-mips64le: 0.13.3
      esbuild-linux-ppc64le: 0.13.3
      esbuild-openbsd-64: 0.13.3
      esbuild-sunos-64: 0.13.3
      esbuild-windows-32: 0.13.3
      esbuild-windows-64: 0.13.3
      esbuild-windows-arm64: 0.13.3
    dev: true

  /fill-range/7.0.1:
    resolution: {integrity: sha512-qOo9F+dMUmC2Lcb4BbVvnKJxTPjCm+RRpe4gDuGrzkL7mEVl/djYSu2OdQ2Pa302N4oqkSg9ir6jaLWJ2USVpQ==}
    engines: {node: '>=8'}
    dependencies:
      to-regex-range: 5.0.1
    dev: true

  /fsevents/2.3.2:
    resolution: {integrity: sha512-xiqMQR4xAeHTuB9uWm+fFRcIOgKBMiOBP+eXiyT7jsgVCq1bkVygt00oASowB7EdtpOHaaPgKt812P9ab+DDKA==}
    engines: {node: ^8.16.0 || ^10.6.0 || >=11.0.0}
    os: [darwin]
    requiresBuild: true
    dev: true
    optional: true

  /function-bind/1.1.1:
    resolution: {integrity: sha512-yIovAzMX49sF8Yl58fSCWJ5svSLuaibPxXQJFLmBObTuCr0Mf1KiPopGM9NiFjiYBCbfaa2Fh6breQ6ANVTI0A==}
    dev: true

  /glob-parent/5.1.2:
    resolution: {integrity: sha512-AOIgSQCepiJYwP3ARnGx+5VnTu2HBYdzbGP45eLw1vr3zB3vZLeyed1sC9hnbcOc9/SrMyM5RPQrkGz4aS9Zow==}
    engines: {node: '>= 6'}
    dependencies:
      is-glob: 4.0.2
    dev: true

  /has/1.0.3:
    resolution: {integrity: sha512-f2dvO0VU6Oej7RkWJGrehjbzMAjFp5/VKPp5tTpWIV4JHHZK1/BxbFRtf/siA2SWTe09caDmVtYYzWEIbBS4zw==}
    engines: {node: '>= 0.4.0'}
    dependencies:
      function-bind: 1.1.1
    dev: true

  /is-binary-path/2.1.0:
    resolution: {integrity: sha512-ZMERYes6pDydyuGidse7OsHxtbI7WVeUEozgR/g7rd0xUimYNlvZRE/K2MgZTjWy725IfelLeVcEM97mmtRGXw==}
    engines: {node: '>=8'}
    dependencies:
      binary-extensions: 2.2.0
    dev: true

  /is-core-module/2.6.0:
    resolution: {integrity: sha512-wShG8vs60jKfPWpF2KZRaAtvt3a20OAn7+IJ6hLPECpSABLcKtFKTTI4ZtH5QcBruBHlq+WsdHWyz0BCZW7svQ==}
    dependencies:
      has: 1.0.3
    dev: true

  /is-extglob/2.1.1:
    resolution: {integrity: sha1-qIwCU1eR8C7TfHahueqXc8gz+MI=}
    engines: {node: '>=0.10.0'}
    dev: true

  /is-glob/4.0.2:
    resolution: {integrity: sha512-ZZTOjRcDjuAAAv2cTBQP/lL59ZTArx77+7UzHdWW/XB1mrfp7DEaVpKmZ0XIzx+M7AxfhKcqV+nMetUQmFifwg==}
    engines: {node: '>=0.10.0'}
    dependencies:
      is-extglob: 2.1.1
    dev: true

  /is-number/7.0.0:
    resolution: {integrity: sha512-41Cifkg6e8TylSpdtTpeLVMqvSBEVzTttHvERD741+pnZ8ANv0004MRL43QKPDlK9cGvNp6NZWZUBlbGXYxxng==}
    engines: {node: '>=0.12.0'}
    dev: true

  /nanocolors/0.2.12:
    resolution: {integrity: sha512-SFNdALvzW+rVlzqexid6epYdt8H9Zol7xDoQarioEFcFN0JHo4CYNztAxmtfgGTVRCmFlEOqqhBpoFGKqSAMug==}
    dev: true

  /nanoid/3.1.25:
    resolution: {integrity: sha512-rdwtIXaXCLFAQbnfqDRnI6jaRHp9fTcYBjtFKE8eezcZ7LuLjhUaQGNeMXf1HmRoCH32CLz6XwX0TtxEOS/A3Q==}
    engines: {node: ^10 || ^12 || ^13.7 || ^14 || >=15.0.1}
    hasBin: true
    dev: true

  /normalize-path/3.0.0:
    resolution: {integrity: sha512-6eZs5Ls3WtCisHWp9S2GUy8dqkpGi4BVSz3GaqiE6ezub0512ESztXUwUB6C6IKbQkY2Pnb/mD4WYojCRwcwLA==}
    engines: {node: '>=0.10.0'}
    dev: true

  /path-parse/1.0.7:
    resolution: {integrity: sha512-LDJzPVEEEPR+y48z93A0Ed0yXb8pAByGWo/k5YYdYgpY2/2EsOsksJrq7lOHxryrVOn1ejG6oAp8ahvOIQD8sw==}
    dev: true

  /picomatch/2.3.0:
    resolution: {integrity: sha512-lY1Q/PiJGC2zOv/z391WOTD+Z02bCgsFfvxoXXf6h7kv9o+WmsmzYqrAwY63sNgOxE4xEdq0WyUnXfKeBrSvYw==}
    engines: {node: '>=8.6'}
    dev: true

  /postcss/8.3.8:
    resolution: {integrity: sha512-GT5bTjjZnwDifajzczOC+r3FI3Cu+PgPvrsjhQdRqa2kTJ4968/X9CUce9xttIB0xOs5c6xf0TCWZo/y9lF6bA==}
    engines: {node: ^10 || ^12 || >=14}
    dependencies:
      nanocolors: 0.2.12
      nanoid: 3.1.25
      source-map-js: 0.6.2
    dev: true

  /readdirp/3.6.0:
    resolution: {integrity: sha512-hOS089on8RduqdbhvQ5Z37A0ESjsqz6qnRcffsMU3495FuTdqSm+7bhJ29JvIOsBDEEnan5DPu9t3To9VRlMzA==}
    engines: {node: '>=8.10.0'}
    dependencies:
      picomatch: 2.3.0
    dev: true

  /resolve/1.20.0:
    resolution: {integrity: sha512-wENBPt4ySzg4ybFQW2TT1zMQucPK95HSh/nq2CFTZVOGut2+pQvSsgtda4d26YrYcr067wjbmzOG8byDPBX63A==}
    dependencies:
      is-core-module: 2.6.0
      path-parse: 1.0.7
    dev: true

  /ress/4.0.0:
    resolution: {integrity: sha512-awpQM9e6VL6ljw4XuH/ww2q4IEU0SAY9Lcvu4h4nIB5c5XhTUXH3Me8WA0zW3s3naU79lY8uVUJg30dvKJ5cNw==}
    dev: false

  /rollup/2.57.0:
    resolution: {integrity: sha512-bKQIh1rWKofRee6mv8SrF2HdP6pea5QkwBZSMImJysFj39gQuiV8MEPBjXOCpzk3wSYp63M2v2wkWBmFC8O/rg==}
    engines: {node: '>=10.0.0'}
    hasBin: true
    optionalDependencies:
      fsevents: 2.3.2
    dev: true

  /sass/1.42.1:
    resolution: {integrity: sha512-/zvGoN8B7dspKc5mC6HlaygyCBRvnyzzgD5khiaCfglWztY99cYoiTUksVx11NlnemrcfH5CEaCpsUKoW0cQqg==}
    engines: {node: '>=8.9.0'}
    hasBin: true
    dependencies:
      chokidar: 3.5.2
    dev: true

  /source-map-js/0.6.2:
    resolution: {integrity: sha512-/3GptzWzu0+0MBQFrDKzw/DvvMTUORvgY6k6jd/VS6iCR4RDTKWH6v6WPwQoUO8667uQEf9Oe38DxAYWY5F/Ug==}
    engines: {node: '>=0.10.0'}
    dev: true

  /to-regex-range/5.0.1:
    resolution: {integrity: sha512-65P7iz6X5yEr1cwcgvQxbbIw7Uk3gOy5dIdtZ4rDveLqhrdJP+Li/Hx6tyK0NEb+2GCyneCMJiGqrADCSNk8sQ==}
    engines: {node: '>=8.0'}
    dependencies:
      is-number: 7.0.0
    dev: true

  /tslib/2.3.1:
    resolution: {integrity: sha512-77EbyPPpMz+FRFRuAFlWMtmgUWGe9UOG2Z25NqCwiIjRhOf5iKGuzSe5P2w1laq+FkRy4p+PCuVkJSGkzTEKVw==}
    dev: false

  /vite/2.6.5_sass@1.42.1:
    resolution: {integrity: sha512-vavXMChDUb4Oh4YunrK9BrH5Ox74cu0eOp0VuyI/iqFz1FqbWD72So2c9I87lLL2n0+6tFPV5ijow60KrtxuZg==}
    engines: {node: '>=12.2.0'}
    hasBin: true
    peerDependencies:
      less: '*'
      sass: '*'
      stylus: '*'
    peerDependenciesMeta:
      less:
        optional: true
      sass:
        optional: true
      stylus:
        optional: true
    dependencies:
      esbuild: 0.13.3
      postcss: 8.3.8
      resolve: 1.20.0
      rollup: 2.57.0
      sass: 1.42.1
    optionalDependencies:
      fsevents: 2.3.2
    dev: true
